
Microsoft Visual Studio Solution File, Format Version 12.00
# Visual Studio Version 17
VisualStudioVersion = 17.7.34202.233
MinimumVisualStudioVersion = 10.0.40219.1
Project("{9A19103F-16F7-4668-BE54-9A1E7A4F7556}") = "asc", "asc\asc.csproj", "{944A2351-41FC-4FC5-B052-7788BAE0A576}"
EndProject
Project("{9A19103F-16F7-4668-BE54-9A1E7A4F7556}") = "compiler", "compiler\compiler.csproj", "{A17BF0EB-B34B-48C2-A139-62DC1A628ED3}"
EndProject
Project("{9A19103F-16F7-4668-BE54-9A1E7A4F7556}") = "compilerTests", "compilerTests\compilerTests.csproj", "{610B3342-99F3-4DF8-9553-54C5A6049A94}"
EndProject
Project("{9A19103F-16F7-4668-BE54-9A1E7A4F7556}") = "abc", "abc\abc.csproj", "{D1E66905-A314-4291-B401-00C32EA89623}"
EndProject
Project("{9A19103F-16F7-4668-BE54-9A1E7A4F7556}") = "runtime", "runtime\runtime.csproj", "{6CED5E9B-3CE8-4E5A-A627-6F26E02121B8}"
EndProject
Project("{FAE04EC0-301F-11D3-BF4B-00C04F79EFBC}") = "player", "player\player.csproj", "{B6104403-0733-4147-AD82-F8694D5ACF79}"
EndProject
Project("{FAE04EC0-301F-11D3-BF4B-00C04F79EFBC}") = "juice", "juice\juice.csproj", "{EF8613B9-E12C-4DD8-A48C-BB3617568E77}"
EndProject
Project("{2150E333-8FDC-42A3-9474-1A3956D46DE8}") = "samples", "samples", "{02EA681E-C7D8-13C7-8484-4AC65E1B71E8}"
EndProject
Project("{FAE04EC0-301F-11D3-BF4B-00C04F79EFBC}") = "box2dlite", "samples\box2dlite\box2dlite.csproj", "{5B53D3DB-75B5-4195-8B53-62B19E9F898B}"
EndProject
Project("{2150E333-8FDC-42A3-9474-1A3956D46DE8}") = "test", "test", "{6DCD3EC0-8364-4724-9BA4-53C2D5761B2F}"
EndProject
Global
	GlobalSection(SolutionConfigurationPlatforms) = preSolution
		Debug|Any CPU = Debug|Any CPU
		Debug|x64 = Debug|x64
		Debug|x86 = Debug|x86
		ProfilePlayer|Any CPU = ProfilePlayer|Any CPU
		ProfilePlayer|x64 = ProfilePlayer|x64
		ProfilePlayer|x86 = ProfilePlayer|x86
		Release|Any CPU = Release|Any CPU
		Release|x64 = Release|x64
		Release|x86 = Release|x86
	EndGlobalSection
	GlobalSection(ProjectConfigurationPlatforms) = postSolution
		{944A2351-41FC-4FC5-B052-7788BAE0A576}.Debug|Any CPU.ActiveCfg = Debug|Any CPU
		{944A2351-41FC-4FC5-B052-7788BAE0A576}.Debug|Any CPU.Build.0 = Debug|Any CPU
		{944A2351-41FC-4FC5-B052-7788BAE0A576}.Debug|x64.ActiveCfg = Debug|Any CPU
		{944A2351-41FC-4FC5-B052-7788BAE0A576}.Debug|x64.Build.0 = Debug|Any CPU
		{944A2351-41FC-4FC5-B052-7788BAE0A576}.Debug|x86.ActiveCfg = Debug|Any CPU
		{944A2351-41FC-4FC5-B052-7788BAE0A576}.Debug|x86.Build.0 = Debug|Any CPU
		{944A2351-41FC-4FC5-B052-7788BAE0A576}.ProfilePlayer|Any CPU.ActiveCfg = Release|Any CPU
		{944A2351-41FC-4FC5-B052-7788BAE0A576}.ProfilePlayer|x64.ActiveCfg = ProfilePlayer|Any CPU
		{944A2351-41FC-4FC5-B052-7788BAE0A576}.ProfilePlayer|x64.Build.0 = ProfilePlayer|Any CPU
		{944A2351-41FC-4FC5-B052-7788BAE0A576}.ProfilePlayer|x86.ActiveCfg = ProfilePlayer|Any CPU
		{944A2351-41FC-4FC5-B052-7788BAE0A576}.ProfilePlayer|x86.Build.0 = ProfilePlayer|Any CPU
		{944A2351-41FC-4FC5-B052-7788BAE0A576}.Release|Any CPU.ActiveCfg = Release|Any CPU
		{944A2351-41FC-4FC5-B052-7788BAE0A576}.Release|Any CPU.Build.0 = Release|Any CPU
		{944A2351-41FC-4FC5-B052-7788BAE0A576}.Release|x64.ActiveCfg = Release|Any CPU
		{944A2351-41FC-4FC5-B052-7788BAE0A576}.Release|x64.Build.0 = Release|Any CPU
		{944A2351-41FC-4FC5-B052-7788BAE0A576}.Release|x86.ActiveCfg = Release|Any CPU
		{944A2351-41FC-4FC5-B052-7788BAE0A576}.Release|x86.Build.0 = Release|Any CPU
		{A17BF0EB-B34B-48C2-A139-62DC1A628ED3}.Debug|Any CPU.ActiveCfg = Debug|Any CPU
		{A17BF0EB-B34B-48C2-A139-62DC1A628ED3}.Debug|Any CPU.Build.0 = Debug|Any CPU
		{A17BF0EB-B34B-48C2-A139-62DC1A628ED3}.Debug|x64.ActiveCfg = Debug|Any CPU
		{A17BF0EB-B34B-48C2-A139-62DC1A628ED3}.Debug|x64.Build.0 = Debug|Any CPU
		{A17BF0EB-B34B-48C2-A139-62DC1A628ED3}.Debug|x86.ActiveCfg = Debug|Any CPU
		{A17BF0EB-B34B-48C2-A139-62DC1A628ED3}.Debug|x86.Build.0 = Debug|Any CPU
		{A17BF0EB-B34B-48C2-A139-62DC1A628ED3}.ProfilePlayer|Any CPU.ActiveCfg = ProfilePlayer|Any CPU
		{A17BF0EB-B34B-48C2-A139-62DC1A628ED3}.ProfilePlayer|x64.ActiveCfg = ProfilePlayer|Any CPU
		{A17BF0EB-B34B-48C2-A139-62DC1A628ED3}.ProfilePlayer|x64.Build.0 = ProfilePlayer|Any CPU
		{A17BF0EB-B34B-48C2-A139-62DC1A628ED3}.ProfilePlayer|x86.ActiveCfg = ProfilePlayer|Any CPU
		{A17BF0EB-B34B-48C2-A139-62DC1A628ED3}.ProfilePlayer|x86.Build.0 = ProfilePlayer|Any CPU
		{A17BF0EB-B34B-48C2-A139-62DC1A628ED3}.Release|Any CPU.ActiveCfg = Release|Any CPU
		{A17BF0EB-B34B-48C2-A139-62DC1A628ED3}.Release|Any CPU.Build.0 = Release|Any CPU
		{A17BF0EB-B34B-48C2-A139-62DC1A628ED3}.Release|x64.ActiveCfg = Release|Any CPU
		{A17BF0EB-B34B-48C2-A139-62DC1A628ED3}.Release|x64.Build.0 = Release|Any CPU
		{A17BF0EB-B34B-48C2-A139-62DC1A628ED3}.Release|x86.ActiveCfg = Release|Any CPU
		{A17BF0EB-B34B-48C2-A139-62DC1A628ED3}.Release|x86.Build.0 = Release|Any CPU
		{610B3342-99F3-4DF8-9553-54C5A6049A94}.Debug|Any CPU.ActiveCfg = Debug|Any CPU
		{610B3342-99F3-4DF8-9553-54C5A6049A94}.Debug|Any CPU.Build.0 = Debug|Any CPU
		{610B3342-99F3-4DF8-9553-54C5A6049A94}.Debug|x64.ActiveCfg = Debug|Any CPU
		{610B3342-99F3-4DF8-9553-54C5A6049A94}.Debug|x64.Build.0 = Debug|Any CPU
		{610B3342-99F3-4DF8-9553-54C5A6049A94}.Debug|x86.ActiveCfg = Debug|Any CPU
		{610B3342-99F3-4DF8-9553-54C5A6049A94}.Debug|x86.Build.0 = Debug|Any CPU
		{610B3342-99F3-4DF8-9553-54C5A6049A94}.ProfilePlayer|Any CPU.ActiveCfg = ProfilePlayer|Any CPU
		{610B3342-99F3-4DF8-9553-54C5A6049A94}.ProfilePlayer|x64.ActiveCfg = ProfilePlayer|Any CPU
		{610B3342-99F3-4DF8-9553-54C5A6049A94}.ProfilePlayer|x64.Build.0 = ProfilePlayer|Any CPU
		{610B3342-99F3-4DF8-9553-54C5A6049A94}.ProfilePlayer|x86.ActiveCfg = ProfilePlayer|Any CPU
		{610B3342-99F3-4DF8-9553-54C5A6049A94}.ProfilePlayer|x86.Build.0 = ProfilePlayer|Any CPU
		{610B3342-99F3-4DF8-9553-54C5A6049A94}.Release|Any CPU.ActiveCfg = Release|Any CPU
		{610B3342-99F3-4DF8-9553-54C5A6049A94}.Release|Any CPU.Build.0 = Release|Any CPU
		{610B3342-99F3-4DF8-9553-54C5A6049A94}.Release|x64.ActiveCfg = Release|Any CPU
		{610B3342-99F3-4DF8-9553-54C5A6049A94}.Release|x64.Build.0 = Release|Any CPU
		{610B3342-99F3-4DF8-9553-54C5A6049A94}.Release|x86.ActiveCfg = Release|Any CPU
		{610B3342-99F3-4DF8-9553-54C5A6049A94}.Release|x86.Build.0 = Release|Any CPU
		{D1E66905-A314-4291-B401-00C32EA89623}.Debug|Any CPU.ActiveCfg = Debug|Any CPU
		{D1E66905-A314-4291-B401-00C32EA89623}.Debug|Any CPU.Build.0 = Debug|Any CPU
		{D1E66905-A314-4291-B401-00C32EA89623}.Debug|x64.ActiveCfg = Debug|Any CPU
		{D1E66905-A314-4291-B401-00C32EA89623}.Debug|x64.Build.0 = Debug|Any CPU
		{D1E66905-A314-4291-B401-00C32EA89623}.Debug|x86.ActiveCfg = Debug|Any CPU
		{D1E66905-A314-4291-B401-00C32EA89623}.Debug|x86.Build.0 = Debug|Any CPU
		{D1E66905-A314-4291-B401-00C32EA89623}.ProfilePlayer|Any CPU.ActiveCfg = Release|Any CPU
		{D1E66905-A314-4291-B401-00C32EA89623}.ProfilePlayer|Any CPU.Build.0 = Release|Any CPU
		{D1E66905-A314-4291-B401-00C32EA89623}.ProfilePlayer|x64.ActiveCfg = ProfilePlayer|Any CPU
		{D1E66905-A314-4291-B401-00C32EA89623}.ProfilePlayer|x64.Build.0 = ProfilePlayer|Any CPU
		{D1E66905-A314-4291-B401-00C32EA89623}.ProfilePlayer|x86.ActiveCfg = ProfilePlayer|Any CPU
		{D1E66905-A314-4291-B401-00C32EA89623}.ProfilePlayer|x86.Build.0 = ProfilePlayer|Any CPU
		{D1E66905-A314-4291-B401-00C32EA89623}.Release|Any CPU.ActiveCfg = Release|Any CPU
		{D1E66905-A314-4291-B401-00C32EA89623}.Release|Any CPU.Build.0 = Release|Any CPU
		{D1E66905-A314-4291-B401-00C32EA89623}.Release|x64.ActiveCfg = Release|Any CPU
		{D1E66905-A314-4291-B401-00C32EA89623}.Release|x64.Build.0 = Release|Any CPU
		{D1E66905-A314-4291-B401-00C32EA89623}.Release|x86.ActiveCfg = Release|Any CPU
		{D1E66905-A314-4291-B401-00C32EA89623}.Release|x86.Build.0 = Release|Any CPU
		{6CED5E9B-3CE8-4E5A-A627-6F26E02121B8}.Debug|Any CPU.ActiveCfg = Debug|Any CPU
		{6CED5E9B-3CE8-4E5A-A627-6F26E02121B8}.Debug|Any CPU.Build.0 = Debug|Any CPU
		{6CED5E9B-3CE8-4E5A-A627-6F26E02121B8}.Debug|x64.ActiveCfg = Debug|Any CPU
		{6CED5E9B-3CE8-4E5A-A627-6F26E02121B8}.Debug|x64.Build.0 = Debug|Any CPU
		{6CED5E9B-3CE8-4E5A-A627-6F26E02121B8}.Debug|x86.ActiveCfg = Debug|Any CPU
		{6CED5E9B-3CE8-4E5A-A627-6F26E02121B8}.Debug|x86.Build.0 = Debug|Any CPU
		{6CED5E9B-3CE8-4E5A-A627-6F26E02121B8}.ProfilePlayer|Any CPU.ActiveCfg = ProfilePlayer|Any CPU
		{6CED5E9B-3CE8-4E5A-A627-6F26E02121B8}.ProfilePlayer|Any CPU.Build.0 = ProfilePlayer|Any CPU
		{6CED5E9B-3CE8-4E5A-A627-6F26E02121B8}.ProfilePlayer|x64.ActiveCfg = ProfilePlayer|Any CPU
		{6CED5E9B-3CE8-4E5A-A627-6F26E02121B8}.ProfilePlayer|x64.Build.0 = ProfilePlayer|Any CPU
		{6CED5E9B-3CE8-4E5A-A627-6F26E02121B8}.ProfilePlayer|x86.ActiveCfg = ProfilePlayer|Any CPU
		{6CED5E9B-3CE8-4E5A-A627-6F26E02121B8}.ProfilePlayer|x86.Build.0 = ProfilePlayer|Any CPU
		{6CED5E9B-3CE8-4E5A-A627-6F26E02121B8}.Release|Any CPU.ActiveCfg = Release|Any CPU
		{6CED5E9B-3CE8-4E5A-A627-6F26E02121B8}.Release|Any CPU.Build.0 = Release|Any CPU
		{6CED5E9B-3CE8-4E5A-A627-6F26E02121B8}.Release|x64.ActiveCfg = Release|Any CPU
		{6CED5E9B-3CE8-4E5A-A627-6F26E02121B8}.Release|x64.Build.0 = Release|Any CPU
		{6CED5E9B-3CE8-4E5A-A627-6F26E02121B8}.Release|x86.ActiveCfg = Release|Any CPU
		{6CED5E9B-3CE8-4E5A-A627-6F26E02121B8}.Release|x86.Build.0 = Release|Any CPU
		{B6104403-0733-4147-AD82-F8694D5ACF79}.Debug|Any CPU.ActiveCfg = Debug|Any CPU
		{B6104403-0733-4147-AD82-F8694D5ACF79}.Debug|Any CPU.Build.0 = Debug|Any CPU
		{B6104403-0733-4147-AD82-F8694D5ACF79}.Debug|x64.ActiveCfg = Debug|Any CPU
		{B6104403-0733-4147-AD82-F8694D5ACF79}.Debug|x64.Build.0 = Debug|Any CPU
		{B6104403-0733-4147-AD82-F8694D5ACF79}.Debug|x86.ActiveCfg = Debug|Any CPU
		{B6104403-0733-4147-AD82-F8694D5ACF79}.Debug|x86.Build.0 = Debug|Any CPU
		{B6104403-0733-4147-AD82-F8694D5ACF79}.ProfilePlayer|Any CPU.ActiveCfg = ProfilePlayer|Any CPU
		{B6104403-0733-4147-AD82-F8694D5ACF79}.ProfilePlayer|Any CPU.Build.0 = ProfilePlayer|Any CPU
		{B6104403-0733-4147-AD82-F8694D5ACF79}.ProfilePlayer|x64.ActiveCfg = ProfilePlayer|Any CPU
		{B6104403-0733-4147-AD82-F8694D5ACF79}.ProfilePlayer|x64.Build.0 = ProfilePlayer|Any CPU
		{B6104403-0733-4147-AD82-F8694D5ACF79}.ProfilePlayer|x86.ActiveCfg = ProfilePlayer|Any CPU
		{B6104403-0733-4147-AD82-F8694D5ACF79}.ProfilePlayer|x86.Build.0 = ProfilePlayer|Any CPU
		{B6104403-0733-4147-AD82-F8694D5ACF79}.Release|Any CPU.ActiveCfg = Release|Any CPU
		{B6104403-0733-4147-AD82-F8694D5ACF79}.Release|Any CPU.Build.0 = Release|Any CPU
		{B6104403-0733-4147-AD82-F8694D5ACF79}.Release|x64.ActiveCfg = Release|Any CPU
		{B6104403-0733-4147-AD82-F8694D5ACF79}.Release|x64.Build.0 = Release|Any CPU
		{B6104403-0733-4147-AD82-F8694D5ACF79}.Release|x86.ActiveCfg = Release|Any CPU
		{B6104403-0733-4147-AD82-F8694D5ACF79}.Release|x86.Build.0 = Release|Any CPU
		{EF8613B9-E12C-4DD8-A48C-BB3617568E77}.Debug|Any CPU.ActiveCfg = Debug|Any CPU
		{EF8613B9-E12C-4DD8-A48C-BB3617568E77}.Debug|Any CPU.Build.0 = Debug|Any CPU
		{EF8613B9-E12C-4DD8-A48C-BB3617568E77}.Debug|x64.ActiveCfg = Debug|Any CPU
		{EF8613B9-E12C-4DD8-A48C-BB3617568E77}.Debug|x64.Build.0 = Debug|Any CPU
		{EF8613B9-E12C-4DD8-A48C-BB3617568E77}.Debug|x86.ActiveCfg = Debug|Any CPU
		{EF8613B9-E12C-4DD8-A48C-BB3617568E77}.Debug|x86.Build.0 = Debug|Any CPU
		{EF8613B9-E12C-4DD8-A48C-BB3617568E77}.ProfilePlayer|Any CPU.ActiveCfg = Release|Any CPU
		{EF8613B9-E12C-4DD8-A48C-BB3617568E77}.ProfilePlayer|Any CPU.Build.0 = Release|Any CPU
		{EF8613B9-E12C-4DD8-A48C-BB3617568E77}.ProfilePlayer|x64.ActiveCfg = Release|Any CPU
		{EF8613B9-E12C-4DD8-A48C-BB3617568E77}.ProfilePlayer|x64.Build.0 = Release|Any CPU
		{EF8613B9-E12C-4DD8-A48C-BB3617568E77}.ProfilePlayer|x86.ActiveCfg = Release|Any CPU
		{EF8613B9-E12C-4DD8-A48C-BB3617568E77}.ProfilePlayer|x86.Build.0 = Release|Any CPU
		{EF8613B9-E12C-4DD8-A48C-BB3617568E77}.Release|Any CPU.ActiveCfg = Release|Any CPU
		{EF8613B9-E12C-4DD8-A48C-BB3617568E77}.Release|Any CPU.Build.0 = Release|Any CPU
		{EF8613B9-E12C-4DD8-A48C-BB3617568E77}.Release|x64.ActiveCfg = Release|Any CPU
		{EF8613B9-E12C-4DD8-A48C-BB3617568E77}.Release|x64.Build.0 = Release|Any CPU
		{EF8613B9-E12C-4DD8-A48C-BB3617568E77}.Release|x86.ActiveCfg = Release|Any CPU
		{EF8613B9-E12C-4DD8-A48C-BB3617568E77}.Release|x86.Build.0 = Release|Any CPU
		{5B53D3DB-75B5-4195-8B53-62B19E9F898B}.Debug|Any CPU.ActiveCfg = Debug|Any CPU
		{5B53D3DB-75B5-4195-8B53-62B19E9F898B}.Debug|Any CPU.Build.0 = Debug|Any CPU
		{5B53D3DB-75B5-4195-8B53-62B19E9F898B}.Debug|x64.ActiveCfg = Debug|Any CPU
		{5B53D3DB-75B5-4195-8B53-62B19E9F898B}.Debug|x64.Build.0 = Debug|Any CPU
		{5B53D3DB-75B5-4195-8B53-62B19E9F898B}.Debug|x86.ActiveCfg = Debug|Any CPU
		{5B53D3DB-75B5-4195-8B53-62B19E9F898B}.Debug|x86.Build.0 = Debug|Any CPU
		{5B53D3DB-75B5-4195-8B53-62B19E9F898B}.ProfilePlayer|Any CPU.ActiveCfg = ProfilePlayer|Any CPU
		{5B53D3DB-75B5-4195-8B53-62B19E9F898B}.ProfilePlayer|Any CPU.Build.0 = ProfilePlayer|Any CPU
		{5B53D3DB-75B5-4195-8B53-62B19E9F898B}.ProfilePlayer|x64.ActiveCfg = Release|Any CPU
		{5B53D3DB-75B5-4195-8B53-62B19E9F898B}.ProfilePlayer|x64.Build.0 = Release|Any CPU
		{5B53D3DB-75B5-4195-8B53-62B19E9F898B}.ProfilePlayer|x86.ActiveCfg = Release|Any CPU
		{5B53D3DB-75B5-4195-8B53-62B19E9F898B}.ProfilePlayer|x86.Build.0 = Release|Any CPU
		{5B53D3DB-75B5-4195-8B53-62B19E9F898B}.Release|Any CPU.ActiveCfg = Release|Any CPU
		{5B53D3DB-75B5-4195-8B53-62B19E9F898B}.Release|Any CPU.Build.0 = Release|Any CPU
		{5B53D3DB-75B5-4195-8B53-62B19E9F898B}.Release|x64.ActiveCfg = Release|Any CPU
		{5B53D3DB-75B5-4195-8B53-62B19E9F898B}.Release|x64.Build.0 = Release|Any CPU
		{5B53D3DB-75B5-4195-8B53-62B19E9F898B}.Release|x86.ActiveCfg = Release|Any CPU
		{5B53D3DB-75B5-4195-8B53-62B19E9F898B}.Release|x86.Build.0 = Release|Any CPU
	EndGlobalSection
	GlobalSection(SolutionProperties) = preSolution
		HideSolutionNode = FALSE
	EndGlobalSection
	GlobalSection(NestedProjects) = preSolution
		{610B3342-99F3-4DF8-9553-54C5A6049A94} = {6DCD3EC0-8364-4724-9BA4-53C2D5761B2F}
		{5B53D3DB-75B5-4195-8B53-62B19E9F898B} = {02EA681E-C7D8-13C7-8484-4AC65E1B71E8}
	EndGlobalSection
	GlobalSection(ExtensibilityGlobals) = postSolution
		SolutionGuid = {E3F608CD-C2DE-4B46-8AC5-3284424012AE}
	EndGlobalSection
EndGlobal
